
Microsoft Visual Studio Solution File, Format Version 12.00
# Visual Studio Version 16
VisualStudioVersion = 16.0.31624.102
MinimumVisualStudioVersion = 10.0.40219.1
Project("{FAE04EC0-301F-11D3-BF4B-00C04F79EFBC}") = "ArrayList", "ArrayList.csproj", "{FEAB5BC7-0A79-4771-B737-44E1BAF91D30}"
EndProject
Project("{2150E333-8FDC-42A3-9474-1A3956D46DE8}") = "Colecciones", "Colecciones", "{6DB19E5D-7BF7-4946-B860-4EE4C8780305}"
EndProject
Project("{FAE04EC0-301F-11D3-BF4B-00C04F79EFBC}") = "BitArray01", "BitArray\BitArray01.csproj", "{210C16E4-57D9-496F-BD1B-05175C4EA6F6}"
EndProject
Global
	GlobalSection(SolutionConfigurationPlatforms) = preSolution
		Debug|Any CPU = Debug|Any CPU
		Release|Any CPU = Release|Any CPU
	EndGlobalSection
	GlobalSection(ProjectConfigurationPlatforms) = postSolution
		{FEAB5BC7-0A79-4771-B737-44E1BAF91D30}.Debug|Any CPU.ActiveCfg = Debug|Any CPU
		{FEAB5BC7-0A79-4771-B737-44E1BAF91D30}.Debug|Any CPU.Build.0 = Debug|Any CPU
		{FEAB5BC7-0A79-4771-B737-44E1BAF91D30}.Release|Any CPU.ActiveCfg = Release|Any CPU
		{FEAB5BC7-0A79-4771-B737-44E1BAF91D30}.Release|Any CPU.Build.0 = Release|Any CPU
		{210C16E4-57D9-496F-BD1B-05175C4EA6F6}.Debug|Any CPU.ActiveCfg = Debug|Any CPU
		{210C16E4-57D9-496F-BD1B-05175C4EA6F6}.Debug|Any CPU.Build.0 = Debug|Any CPU
		{210C16E4-57D9-496F-BD1B-05175C4EA6F6}.Release|Any CPU.ActiveCfg = Release|Any CPU
		{210C16E4-57D9-496F-BD1B-05175C4EA6F6}.Release|Any CPU.Build.0 = Release|Any CPU
	EndGlobalSection
	GlobalSection(SolutionProperties) = preSolution
		HideSolutionNode = FALSE
	EndGlobalSection
	GlobalSection(NestedProjects) = preSolution
		{FEAB5BC7-0A79-4771-B737-44E1BAF91D30} = {6DB19E5D-7BF7-4946-B860-4EE4C8780305}
		{210C16E4-57D9-496F-BD1B-05175C4EA6F6} = {6DB19E5D-7BF7-4946-B860-4EE4C8780305}
	EndGlobalSection
	GlobalSection(ExtensibilityGlobals) = postSolution
		SolutionGuid = {B7A0797A-863D-474F-8C0D-FBC093B4C3EF}
	EndGlobalSection
EndGlobal
