
Microsoft Visual Studio Solution File, Format Version 12.00
# Visual Studio Version 16
VisualStudioVersion = 16.0.31624.102
MinimumVisualStudioVersion = 10.0.40219.1
Project("{FAE04EC0-301F-11D3-BF4B-00C04F79EFBC}") = "Programa7", "Programa7.csproj", "{5FDEB39D-11C7-4DA6-865D-4685FB7690FC}"
EndProject
Global
	GlobalSection(SolutionConfigurationPlatforms) = preSolution
		Debug|Any CPU = Debug|Any CPU
		Release|Any CPU = Release|Any CPU
	EndGlobalSection
	GlobalSection(ProjectConfigurationPlatforms) = postSolution
		{5FDEB39D-11C7-4DA6-865D-4685FB7690FC}.Debug|Any CPU.ActiveCfg = Debug|Any CPU
		{5FDEB39D-11C7-4DA6-865D-4685FB7690FC}.Debug|Any CPU.Build.0 = Debug|Any CPU
		{5FDEB39D-11C7-4DA6-865D-4685FB7690FC}.Release|Any CPU.ActiveCfg = Release|Any CPU
		{5FDEB39D-11C7-4DA6-865D-4685FB7690FC}.Release|Any CPU.Build.0 = Release|Any CPU
	EndGlobalSection
	GlobalSection(SolutionProperties) = preSolution
		HideSolutionNode = FALSE
	EndGlobalSection
	GlobalSection(ExtensibilityGlobals) = postSolution
		SolutionGuid = {0B8C07A5-A001-4D33-832C-825D199FEBA1}
	EndGlobalSection
EndGlobal
