
Microsoft Visual Studio Solution File, Format Version 12.00
# Visual Studio Version 16
VisualStudioVersion = 16.0.31624.102
MinimumVisualStudioVersion = 10.0.40219.1
Project("{FAE04EC0-301F-11D3-BF4B-00C04F79EFBC}") = "Programa6_Ejercicio1", "Programa6_Ejercicio1.csproj", "{23CFA8EC-A361-4B09-8AB3-F3E414EAD77D}"
EndProject
Global
	GlobalSection(SolutionConfigurationPlatforms) = preSolution
		Debug|Any CPU = Debug|Any CPU
		Release|Any CPU = Release|Any CPU
	EndGlobalSection
	GlobalSection(ProjectConfigurationPlatforms) = postSolution
		{23CFA8EC-A361-4B09-8AB3-F3E414EAD77D}.Debug|Any CPU.ActiveCfg = Debug|Any CPU
		{23CFA8EC-A361-4B09-8AB3-F3E414EAD77D}.Debug|Any CPU.Build.0 = Debug|Any CPU
		{23CFA8EC-A361-4B09-8AB3-F3E414EAD77D}.Release|Any CPU.ActiveCfg = Release|Any CPU
		{23CFA8EC-A361-4B09-8AB3-F3E414EAD77D}.Release|Any CPU.Build.0 = Release|Any CPU
	EndGlobalSection
	GlobalSection(SolutionProperties) = preSolution
		HideSolutionNode = FALSE
	EndGlobalSection
	GlobalSection(ExtensibilityGlobals) = postSolution
		SolutionGuid = {35AB0AE2-FAD0-464E-9ACB-31F71904115F}
	EndGlobalSection
EndGlobal
