
Microsoft Visual Studio Solution File, Format Version 12.00
# Visual Studio Version 16
VisualStudioVersion = 16.0.32802.440
MinimumVisualStudioVersion = 10.0.40219.1
Project("{FAE04EC0-301F-11D3-BF4B-00C04F79EFBC}") = "ColeccionesGenericas_02", "ColeccionesGenericas_02.csproj", "{F1694759-61F6-4E7A-9FBA-BD5E3C10C077}"
EndProject
Global
	GlobalSection(SolutionConfigurationPlatforms) = preSolution
		Debug|Any CPU = Debug|Any CPU
		Release|Any CPU = Release|Any CPU
	EndGlobalSection
	GlobalSection(ProjectConfigurationPlatforms) = postSolution
		{F1694759-61F6-4E7A-9FBA-BD5E3C10C077}.Debug|Any CPU.ActiveCfg = Debug|Any CPU
		{F1694759-61F6-4E7A-9FBA-BD5E3C10C077}.Debug|Any CPU.Build.0 = Debug|Any CPU
		{F1694759-61F6-4E7A-9FBA-BD5E3C10C077}.Release|Any CPU.ActiveCfg = Release|Any CPU
		{F1694759-61F6-4E7A-9FBA-BD5E3C10C077}.Release|Any CPU.Build.0 = Release|Any CPU
	EndGlobalSection
	GlobalSection(SolutionProperties) = preSolution
		HideSolutionNode = FALSE
	EndGlobalSection
	GlobalSection(ExtensibilityGlobals) = postSolution
		SolutionGuid = {CACBDAAE-9995-4ABB-8E14-2B31340161A8}
	EndGlobalSection
EndGlobal
