
Microsoft Visual Studio Solution File, Format Version 12.00
# Visual Studio Version 16
VisualStudioVersion = 16.0.32802.440
MinimumVisualStudioVersion = 10.0.40219.1
Project("{FAE04EC0-301F-11D3-BF4B-00C04F79EFBC}") = "Arreglos", "Arreglos.csproj", "{0471681E-4278-4A2F-9FA2-991EBEE863FA}"
EndProject
Global
	GlobalSection(SolutionConfigurationPlatforms) = preSolution
		Debug|Any CPU = Debug|Any CPU
		Release|Any CPU = Release|Any CPU
	EndGlobalSection
	GlobalSection(ProjectConfigurationPlatforms) = postSolution
		{0471681E-4278-4A2F-9FA2-991EBEE863FA}.Debug|Any CPU.ActiveCfg = Debug|Any CPU
		{0471681E-4278-4A2F-9FA2-991EBEE863FA}.Debug|Any CPU.Build.0 = Debug|Any CPU
		{0471681E-4278-4A2F-9FA2-991EBEE863FA}.Release|Any CPU.ActiveCfg = Release|Any CPU
		{0471681E-4278-4A2F-9FA2-991EBEE863FA}.Release|Any CPU.Build.0 = Release|Any CPU
	EndGlobalSection
	GlobalSection(SolutionProperties) = preSolution
		HideSolutionNode = FALSE
	EndGlobalSection
	GlobalSection(ExtensibilityGlobals) = postSolution
		SolutionGuid = {F99F165F-9A07-457E-9A4B-AA4F94AE6C04}
	EndGlobalSection
EndGlobal
