
Microsoft Visual Studio Solution File, Format Version 12.00
# Visual Studio Version 16
VisualStudioVersion = 16.0.32802.440
MinimumVisualStudioVersion = 10.0.40219.1
Project("{FAE04EC0-301F-11D3-BF4B-00C04F79EFBC}") = "ListaLigada01", "ListaLigada01.csproj", "{90231B46-E6A4-4BC5-BF5A-C87BA35F211D}"
EndProject
Global
	GlobalSection(SolutionConfigurationPlatforms) = preSolution
		Debug|Any CPU = Debug|Any CPU
		Release|Any CPU = Release|Any CPU
	EndGlobalSection
	GlobalSection(ProjectConfigurationPlatforms) = postSolution
		{90231B46-E6A4-4BC5-BF5A-C87BA35F211D}.Debug|Any CPU.ActiveCfg = Debug|Any CPU
		{90231B46-E6A4-4BC5-BF5A-C87BA35F211D}.Debug|Any CPU.Build.0 = Debug|Any CPU
		{90231B46-E6A4-4BC5-BF5A-C87BA35F211D}.Release|Any CPU.ActiveCfg = Release|Any CPU
		{90231B46-E6A4-4BC5-BF5A-C87BA35F211D}.Release|Any CPU.Build.0 = Release|Any CPU
	EndGlobalSection
	GlobalSection(SolutionProperties) = preSolution
		HideSolutionNode = FALSE
	EndGlobalSection
	GlobalSection(ExtensibilityGlobals) = postSolution
		SolutionGuid = {1992684A-0430-41A4-8D46-AF17BC7A795B}
	EndGlobalSection
EndGlobal
